
Microsoft Visual Studio Solution File, Format Version 12.00
# Visual Studio 15
VisualStudioVersion = 15.0.27004.2005
MinimumVisualStudioVersion = 10.0.40219.1
Project("{FAE04EC0-301F-11D3-BF4B-00C04F79EFBC}") = "CU_CoreIntro", "CU_CoreIntro\CU_CoreIntro.csproj", "{ECEB1649-5EB1-41B0-9572-80182E08086E}"
EndProject
Global
	GlobalSection(SolutionConfigurationPlatforms) = preSolution
		Debug|Any CPU = Debug|Any CPU
		Release|Any CPU = Release|Any CPU
	EndGlobalSection
	GlobalSection(ProjectConfigurationPlatforms) = postSolution
		{ECEB1649-5EB1-41B0-9572-80182E08086E}.Debug|Any CPU.ActiveCfg = Debug|Any CPU
		{ECEB1649-5EB1-41B0-9572-80182E08086E}.Debug|Any CPU.Build.0 = Debug|Any CPU
		{ECEB1649-5EB1-41B0-9572-80182E08086E}.Release|Any CPU.ActiveCfg = Release|Any CPU
		{ECEB1649-5EB1-41B0-9572-80182E08086E}.Release|Any CPU.Build.0 = Release|Any CPU
	EndGlobalSection
	GlobalSection(SolutionProperties) = preSolution
		HideSolutionNode = FALSE
	EndGlobalSection
	GlobalSection(ExtensibilityGlobals) = postSolution
		SolutionGuid = {7FF80272-C5C0-4AA0-8BB8-AD40A8D9CCD1}
	EndGlobalSection
EndGlobal
